
Microsoft Visual Studio Solution File, Format Version 12.00
# Visual Studio Version 17
VisualStudioVersion = 17.3.32819.101
MinimumVisualStudioVersion = 10.0.40219.1
Project("{FAE04EC0-301F-11D3-BF4B-00C04F79EFBC}") = "NumberGuesser", "NumberGuesser.csproj", "{DCB43187-08EB-4CE1-8716-7E6C1C905B95}"
EndProject
Global
	GlobalSection(SolutionConfigurationPlatforms) = preSolution
		Debug|Any CPU = Debug|Any CPU
		Release|Any CPU = Release|Any CPU
	EndGlobalSection
	GlobalSection(ProjectConfigurationPlatforms) = postSolution
		{DCB43187-08EB-4CE1-8716-7E6C1C905B95}.Debug|Any CPU.ActiveCfg = Debug|Any CPU
		{DCB43187-08EB-4CE1-8716-7E6C1C905B95}.Debug|Any CPU.Build.0 = Debug|Any CPU
		{DCB43187-08EB-4CE1-8716-7E6C1C905B95}.Release|Any CPU.ActiveCfg = Release|Any CPU
		{DCB43187-08EB-4CE1-8716-7E6C1C905B95}.Release|Any CPU.Build.0 = Release|Any CPU
	EndGlobalSection
	GlobalSection(SolutionProperties) = preSolution
		HideSolutionNode = FALSE
	EndGlobalSection
	GlobalSection(ExtensibilityGlobals) = postSolution
		SolutionGuid = {A1EB6F65-EED0-4E94-B52E-5991B885F783}
	EndGlobalSection
EndGlobal
